
Microsoft Visual Studio Solution File, Format Version 11.00
# Visual Studio 2010
Project("{FAE04EC0-301F-11D3-BF4B-00C04F79EFBC}") = "resx2html", "resx2html\resx2html.csproj", "{BF9530DE-C81E-46EC-A231-C1005BD37580}"
EndProject
Global
	GlobalSection(SolutionConfigurationPlatforms) = preSolution
		Debug|x86 = Debug|x86
		Release|x86 = Release|x86
	EndGlobalSection
	GlobalSection(ProjectConfigurationPlatforms) = postSolution
		{BF9530DE-C81E-46EC-A231-C1005BD37580}.Debug|x86.ActiveCfg = Debug|x86
		{BF9530DE-C81E-46EC-A231-C1005BD37580}.Debug|x86.Build.0 = Debug|x86
		{BF9530DE-C81E-46EC-A231-C1005BD37580}.Release|x86.ActiveCfg = Release|x86
		{BF9530DE-C81E-46EC-A231-C1005BD37580}.Release|x86.Build.0 = Release|x86
	EndGlobalSection
	GlobalSection(SolutionProperties) = preSolution
		HideSolutionNode = FALSE
	EndGlobalSection
EndGlobal
